
Microsoft Visual Studio Solution File, Format Version 12.00
# Visual Studio Version 17
VisualStudioVersion = 17.5.33516.290
MinimumVisualStudioVersion = 10.0.40219.1
Project("{2150E333-8FDC-42A3-9474-1A3956D46DE8}") = "tests", "tests", "{02EA681E-C7D8-13C7-8484-4AC65E1B71E8}"
EndProject
Project("{2150E333-8FDC-42A3-9474-1A3956D46DE8}") = "src", "src", "{02B234D5-3029-4CE5-AEAB-61985E452A6F}"
EndProject
Project("{FAE04EC0-301F-11D3-BF4B-00C04F79EFBC}") = "ProvaPub.Domain", "src\ProvaPub.Domain\ProvaPub.Domain.csproj", "{5603E6D2-10C1-49D0-93A2-FA04015B3CE2}"
EndProject
Project("{FAE04EC0-301F-11D3-BF4B-00C04F79EFBC}") = "ProvaPub.Application", "src\ProvaPub.Application\ProvaPub.Application.csproj", "{F62FE87B-4E8D-4BE2-BC25-57D7A39C2262}"
EndProject
Project("{FAE04EC0-301F-11D3-BF4B-00C04F79EFBC}") = "ProvaPub.Infrastructure", "src\ProvaPub.Infrastructure\ProvaPub.Infrastructure.csproj", "{B407B064-402A-4CB3-8DD1-7853B1E12CFC}"
EndProject
Project("{FAE04EC0-301F-11D3-BF4B-00C04F79EFBC}") = "ProvaPub.Api", "src\ProvaPub.Api\ProvaPub.Api.csproj", "{9EFE6E68-2E4F-4AF7-A76A-534C1E32A841}"
EndProject
Project("{E53339B2-1760-4266-BCC7-CA923CBCF16C}") = "docker-compose", "docker-compose.dcproj", "{81DDED9D-158B-E303-5F62-77A2896D2A5A}"
EndProject
Project("{2150E333-8FDC-42A3-9474-1A3956D46DE8}") = "solution items", "solution items", "{D7D8519A-D734-4625-A47B-9E548456CB35}"
EndProject
Project("{FAE04EC0-301F-11D3-BF4B-00C04F79EFBC}") = "ProvaPub.Applications.Tests", "tests\ProvaPub.Applications.Tests\ProvaPub.Applications.Tests.csproj", "{4A776649-C90D-2FEE-BD2F-C81BF096F165}"
EndProject
Global
	GlobalSection(SolutionConfigurationPlatforms) = preSolution
		Debug|Any CPU = Debug|Any CPU
		Release|Any CPU = Release|Any CPU
	EndGlobalSection
	GlobalSection(ProjectConfigurationPlatforms) = postSolution
		{5603E6D2-10C1-49D0-93A2-FA04015B3CE2}.Debug|Any CPU.ActiveCfg = Debug|Any CPU
		{5603E6D2-10C1-49D0-93A2-FA04015B3CE2}.Debug|Any CPU.Build.0 = Debug|Any CPU
		{5603E6D2-10C1-49D0-93A2-FA04015B3CE2}.Release|Any CPU.ActiveCfg = Release|Any CPU
		{5603E6D2-10C1-49D0-93A2-FA04015B3CE2}.Release|Any CPU.Build.0 = Release|Any CPU
		{F62FE87B-4E8D-4BE2-BC25-57D7A39C2262}.Debug|Any CPU.ActiveCfg = Debug|Any CPU
		{F62FE87B-4E8D-4BE2-BC25-57D7A39C2262}.Debug|Any CPU.Build.0 = Debug|Any CPU
		{F62FE87B-4E8D-4BE2-BC25-57D7A39C2262}.Release|Any CPU.ActiveCfg = Release|Any CPU
		{F62FE87B-4E8D-4BE2-BC25-57D7A39C2262}.Release|Any CPU.Build.0 = Release|Any CPU
		{B407B064-402A-4CB3-8DD1-7853B1E12CFC}.Debug|Any CPU.ActiveCfg = Debug|Any CPU
		{B407B064-402A-4CB3-8DD1-7853B1E12CFC}.Debug|Any CPU.Build.0 = Debug|Any CPU
		{B407B064-402A-4CB3-8DD1-7853B1E12CFC}.Release|Any CPU.ActiveCfg = Release|Any CPU
		{B407B064-402A-4CB3-8DD1-7853B1E12CFC}.Release|Any CPU.Build.0 = Release|Any CPU
		{9EFE6E68-2E4F-4AF7-A76A-534C1E32A841}.Debug|Any CPU.ActiveCfg = Debug|Any CPU
		{9EFE6E68-2E4F-4AF7-A76A-534C1E32A841}.Debug|Any CPU.Build.0 = Debug|Any CPU
		{9EFE6E68-2E4F-4AF7-A76A-534C1E32A841}.Release|Any CPU.ActiveCfg = Release|Any CPU
		{9EFE6E68-2E4F-4AF7-A76A-534C1E32A841}.Release|Any CPU.Build.0 = Release|Any CPU
		{81DDED9D-158B-E303-5F62-77A2896D2A5A}.Debug|Any CPU.ActiveCfg = Debug|Any CPU
		{81DDED9D-158B-E303-5F62-77A2896D2A5A}.Debug|Any CPU.Build.0 = Debug|Any CPU
		{81DDED9D-158B-E303-5F62-77A2896D2A5A}.Release|Any CPU.ActiveCfg = Release|Any CPU
		{81DDED9D-158B-E303-5F62-77A2896D2A5A}.Release|Any CPU.Build.0 = Release|Any CPU
		{4A776649-C90D-2FEE-BD2F-C81BF096F165}.Debug|Any CPU.ActiveCfg = Debug|Any CPU
		{4A776649-C90D-2FEE-BD2F-C81BF096F165}.Debug|Any CPU.Build.0 = Debug|Any CPU
		{4A776649-C90D-2FEE-BD2F-C81BF096F165}.Release|Any CPU.ActiveCfg = Release|Any CPU
		{4A776649-C90D-2FEE-BD2F-C81BF096F165}.Release|Any CPU.Build.0 = Release|Any CPU
	EndGlobalSection
	GlobalSection(SolutionProperties) = preSolution
		HideSolutionNode = FALSE
	EndGlobalSection
	GlobalSection(NestedProjects) = preSolution
		{5603E6D2-10C1-49D0-93A2-FA04015B3CE2} = {02B234D5-3029-4CE5-AEAB-61985E452A6F}
		{F62FE87B-4E8D-4BE2-BC25-57D7A39C2262} = {02B234D5-3029-4CE5-AEAB-61985E452A6F}
		{B407B064-402A-4CB3-8DD1-7853B1E12CFC} = {02B234D5-3029-4CE5-AEAB-61985E452A6F}
		{9EFE6E68-2E4F-4AF7-A76A-534C1E32A841} = {02B234D5-3029-4CE5-AEAB-61985E452A6F}
		{81DDED9D-158B-E303-5F62-77A2896D2A5A} = {D7D8519A-D734-4625-A47B-9E548456CB35}
		{4A776649-C90D-2FEE-BD2F-C81BF096F165} = {02EA681E-C7D8-13C7-8484-4AC65E1B71E8}
	EndGlobalSection
	GlobalSection(ExtensibilityGlobals) = postSolution
		SolutionGuid = {508154CE-59FC-48C4-A288-C3D88E9607FE}
	EndGlobalSection
EndGlobal
